
Microsoft Visual Studio Solution File, Format Version 12.00
# Visual Studio Version 16
VisualStudioVersion = 16.0.31613.86
MinimumVisualStudioVersion = 10.0.40219.1
Project("{FAE04EC0-301F-11D3-BF4B-00C04F79EFBC}") = "Project_1", "Project_1\Project_1.csproj", "{00789AA5-2800-4F5C-8A6E-48B7AB3C92AD}"
EndProject
Global
	GlobalSection(SolutionConfigurationPlatforms) = preSolution
		Debug|Any CPU = Debug|Any CPU
		Release|Any CPU = Release|Any CPU
	EndGlobalSection
	GlobalSection(ProjectConfigurationPlatforms) = postSolution
		{00789AA5-2800-4F5C-8A6E-48B7AB3C92AD}.Debug|Any CPU.ActiveCfg = Debug|Any CPU
		{00789AA5-2800-4F5C-8A6E-48B7AB3C92AD}.Debug|Any CPU.Build.0 = Debug|Any CPU
		{00789AA5-2800-4F5C-8A6E-48B7AB3C92AD}.Release|Any CPU.ActiveCfg = Release|Any CPU
		{00789AA5-2800-4F5C-8A6E-48B7AB3C92AD}.Release|Any CPU.Build.0 = Release|Any CPU
	EndGlobalSection
	GlobalSection(SolutionProperties) = preSolution
		HideSolutionNode = FALSE
	EndGlobalSection
	GlobalSection(ExtensibilityGlobals) = postSolution
		SolutionGuid = {E903BF12-08FE-4415-8F0B-1BE41C716D79}
	EndGlobalSection
EndGlobal
